
Microsoft Visual Studio Solution File, Format Version 12.00
# Visual Studio 14
VisualStudioVersion = 14.0.25420.1
MinimumVisualStudioVersion = 10.0.40219.1
Project("{8BC9CEB8-8B4A-11D0-8D11-00A0C91BC942}") = "InsertionSort", "InsertionSort\InsertionSort.vcxproj", "{142A270F-F02E-495A-8BEE-60F840141323}"
EndProject
Project("{2150E333-8FDC-42A3-9474-1A3956D46DE8}") = "Sort", "Sort", "{9415EBA4-4054-43FD-9AE2-302945BEDE16}"
EndProject
Project("{8BC9CEB8-8B4A-11D0-8D11-00A0C91BC942}") = "BubbleSort", "BubbleSort\BubbleSort.vcxproj", "{A567F355-1E85-4213-9489-CFEC7FC7572C}"
EndProject
Project("{8BC9CEB8-8B4A-11D0-8D11-00A0C91BC942}") = "SelectionSort", "SelectionSort\SelectionSort.vcxproj", "{4C55A9C3-9A24-4834-99CC-63441ECCC3D3}"
EndProject
Project("{8BC9CEB8-8B4A-11D0-8D11-00A0C91BC942}") = "MergeSort", "MergeSort\MergeSort.vcxproj", "{AEABEE40-AEC4-43A0-94AA-AB1166DF1AC9}"
EndProject
Project("{8BC9CEB8-8B4A-11D0-8D11-00A0C91BC942}") = "HeapSort", "HeapSort\HeapSort.vcxproj", "{89D71929-0D58-4BEC-85CF-0AEA9A429033}"
EndProject
Project("{2150E333-8FDC-42A3-9474-1A3956D46DE8}") = "DataStructure", "DataStructure", "{E679093C-67CC-4716-949F-C744F13F071F}"
EndProject
Project("{8BC9CEB8-8B4A-11D0-8D11-00A0C91BC942}") = "PriorityQueue", "PriorityQueue\PriorityQueue.vcxproj", "{E9A46175-DF89-4B55-B6D7-C3E31B9C23E7}"
EndProject
Project("{2150E333-8FDC-42A3-9474-1A3956D46DE8}") = "Algorithm", "Algorithm", "{987A9AB9-517F-4B1D-9455-C91D0CE60917}"
EndProject
Project("{8BC9CEB8-8B4A-11D0-8D11-00A0C91BC942}") = "QuickSort", "QuickSort\QuickSort.vcxproj", "{26630B62-F80C-4CC1-AC5C-92024EBDA18D}"
EndProject
Project("{8BC9CEB8-8B4A-11D0-8D11-00A0C91BC942}") = "CountingSort", "CountingSort\CountingSort.vcxproj", "{B62BCB81-1AD8-4F17-BD35-8E8E6179CBAA}"
EndProject
Project("{8BC9CEB8-8B4A-11D0-8D11-00A0C91BC942}") = "RadixSort", "RadixSort\RadixSort.vcxproj", "{302D50BF-B683-4C30-AD02-4129D3975531}"
EndProject
Project("{8BC9CEB8-8B4A-11D0-8D11-00A0C91BC942}") = "BucketSort", "BucketSort\BucketSort.vcxproj", "{18105B22-76EE-48CD-9DC3-09C52A15C7E8}"
EndProject
Project("{2150E333-8FDC-42A3-9474-1A3956D46DE8}") = "Search", "Search", "{FB168ACC-EFAC-4603-BC4E-C9F8592BBD6B}"
EndProject
Project("{8BC9CEB8-8B4A-11D0-8D11-00A0C91BC942}") = "ShellsSort", "ShellsSort\ShellsSort.vcxproj", "{A007CC69-344B-4B61-BBD4-F2DDBEC0C36E}"
EndProject
Project("{8BC9CEB8-8B4A-11D0-8D11-00A0C91BC942}") = "HalfSearch", "HalfSearch\HalfSearch.vcxproj", "{783E629E-66D0-47F3-B505-C26268D9FDA1}"
EndProject
Project("{8BC9CEB8-8B4A-11D0-8D11-00A0C91BC942}") = "DS_Vector", "DS_Vector\DS_Vector.vcxproj", "{9C67C64E-930F-4412-9B64-E7072B6B4C32}"
EndProject
Project("{8BC9CEB8-8B4A-11D0-8D11-00A0C91BC942}") = "DS_List", "DS_List\DS_List.vcxproj", "{39026A25-EB0C-43F5-90CF-7D096221124A}"
EndProject
Project("{8BC9CEB8-8B4A-11D0-8D11-00A0C91BC942}") = "DS_Stack", "DS_Stack\DS_Stack.vcxproj", "{FF950635-AE60-4596-BBC0-D688BB4AA48E}"
EndProject
Project("{8BC9CEB8-8B4A-11D0-8D11-00A0C91BC942}") = "DS_Queue", "DS_Queue\DS_Queue.vcxproj", "{537DA6BE-355A-47C0-9C66-C5308B6829CF}"
EndProject
Project("{8BC9CEB8-8B4A-11D0-8D11-00A0C91BC942}") = "HashTable", "HashTable\HashTable.vcxproj", "{0A67AA6F-02A8-4617-829F-6DCF84D9A186}"
EndProject
Project("{8BC9CEB8-8B4A-11D0-8D11-00A0C91BC942}") = "DS_Set", "DS_Set\DS_Set.vcxproj", "{305F06A3-350F-452B-96E1-1075095E1439}"
EndProject
Project("{8BC9CEB8-8B4A-11D0-8D11-00A0C91BC942}") = "BinaryTree", "BinaryTree\BinaryTree.vcxproj", "{341F0A4A-62CC-40E5-BDB2-7B5216726340}"
EndProject
Project("{8BC9CEB8-8B4A-11D0-8D11-00A0C91BC942}") = "BinarySearchTree", "BinarySearchTree\BinarySearchTree.vcxproj", "{60030D2D-7C2F-4CCE-A7BF-02777253DE49}"
EndProject
Project("{8BC9CEB8-8B4A-11D0-8D11-00A0C91BC942}") = "AVLTree", "AVLTree\AVLTree.vcxproj", "{E1F938C4-A1DB-4D73-BA8A-F77EDAEBAE6B}"
EndProject
Project("{8BC9CEB8-8B4A-11D0-8D11-00A0C91BC942}") = "RedBlackTree", "RedBlackTree\RedBlackTree.vcxproj", "{8567F486-14D6-450B-AAD1-05DFE8283905}"
EndProject
Project("{8BC9CEB8-8B4A-11D0-8D11-00A0C91BC942}") = "DS_Map", "DS_Map\DS_Map.vcxproj", "{8D1BC916-6951-4D63-904D-4311CACDE47E}"
EndProject
Global
	GlobalSection(SolutionConfigurationPlatforms) = preSolution
		Debug|x64 = Debug|x64
		Debug|x86 = Debug|x86
		Release|x64 = Release|x64
		Release|x86 = Release|x86
	EndGlobalSection
	GlobalSection(ProjectConfigurationPlatforms) = postSolution
		{142A270F-F02E-495A-8BEE-60F840141323}.Debug|x64.ActiveCfg = Debug|x64
		{142A270F-F02E-495A-8BEE-60F840141323}.Debug|x64.Build.0 = Debug|x64
		{142A270F-F02E-495A-8BEE-60F840141323}.Debug|x86.ActiveCfg = Debug|Win32
		{142A270F-F02E-495A-8BEE-60F840141323}.Debug|x86.Build.0 = Debug|Win32
		{142A270F-F02E-495A-8BEE-60F840141323}.Release|x64.ActiveCfg = Release|x64
		{142A270F-F02E-495A-8BEE-60F840141323}.Release|x64.Build.0 = Release|x64
		{142A270F-F02E-495A-8BEE-60F840141323}.Release|x86.ActiveCfg = Release|Win32
		{142A270F-F02E-495A-8BEE-60F840141323}.Release|x86.Build.0 = Release|Win32
		{A567F355-1E85-4213-9489-CFEC7FC7572C}.Debug|x64.ActiveCfg = Debug|x64
		{A567F355-1E85-4213-9489-CFEC7FC7572C}.Debug|x64.Build.0 = Debug|x64
		{A567F355-1E85-4213-9489-CFEC7FC7572C}.Debug|x86.ActiveCfg = Debug|Win32
		{A567F355-1E85-4213-9489-CFEC7FC7572C}.Debug|x86.Build.0 = Debug|Win32
		{A567F355-1E85-4213-9489-CFEC7FC7572C}.Release|x64.ActiveCfg = Release|x64
		{A567F355-1E85-4213-9489-CFEC7FC7572C}.Release|x64.Build.0 = Release|x64
		{A567F355-1E85-4213-9489-CFEC7FC7572C}.Release|x86.ActiveCfg = Release|Win32
		{A567F355-1E85-4213-9489-CFEC7FC7572C}.Release|x86.Build.0 = Release|Win32
		{4C55A9C3-9A24-4834-99CC-63441ECCC3D3}.Debug|x64.ActiveCfg = Debug|x64
		{4C55A9C3-9A24-4834-99CC-63441ECCC3D3}.Debug|x64.Build.0 = Debug|x64
		{4C55A9C3-9A24-4834-99CC-63441ECCC3D3}.Debug|x86.ActiveCfg = Debug|Win32
		{4C55A9C3-9A24-4834-99CC-63441ECCC3D3}.Debug|x86.Build.0 = Debug|Win32
		{4C55A9C3-9A24-4834-99CC-63441ECCC3D3}.Release|x64.ActiveCfg = Release|x64
		{4C55A9C3-9A24-4834-99CC-63441ECCC3D3}.Release|x64.Build.0 = Release|x64
		{4C55A9C3-9A24-4834-99CC-63441ECCC3D3}.Release|x86.ActiveCfg = Release|Win32
		{4C55A9C3-9A24-4834-99CC-63441ECCC3D3}.Release|x86.Build.0 = Release|Win32
		{AEABEE40-AEC4-43A0-94AA-AB1166DF1AC9}.Debug|x64.ActiveCfg = Debug|x64
		{AEABEE40-AEC4-43A0-94AA-AB1166DF1AC9}.Debug|x64.Build.0 = Debug|x64
		{AEABEE40-AEC4-43A0-94AA-AB1166DF1AC9}.Debug|x86.ActiveCfg = Debug|Win32
		{AEABEE40-AEC4-43A0-94AA-AB1166DF1AC9}.Debug|x86.Build.0 = Debug|Win32
		{AEABEE40-AEC4-43A0-94AA-AB1166DF1AC9}.Release|x64.ActiveCfg = Release|x64
		{AEABEE40-AEC4-43A0-94AA-AB1166DF1AC9}.Release|x64.Build.0 = Release|x64
		{AEABEE40-AEC4-43A0-94AA-AB1166DF1AC9}.Release|x86.ActiveCfg = Release|Win32
		{AEABEE40-AEC4-43A0-94AA-AB1166DF1AC9}.Release|x86.Build.0 = Release|Win32
		{89D71929-0D58-4BEC-85CF-0AEA9A429033}.Debug|x64.ActiveCfg = Debug|x64
		{89D71929-0D58-4BEC-85CF-0AEA9A429033}.Debug|x64.Build.0 = Debug|x64
		{89D71929-0D58-4BEC-85CF-0AEA9A429033}.Debug|x86.ActiveCfg = Debug|Win32
		{89D71929-0D58-4BEC-85CF-0AEA9A429033}.Debug|x86.Build.0 = Debug|Win32
		{89D71929-0D58-4BEC-85CF-0AEA9A429033}.Release|x64.ActiveCfg = Release|x64
		{89D71929-0D58-4BEC-85CF-0AEA9A429033}.Release|x64.Build.0 = Release|x64
		{89D71929-0D58-4BEC-85CF-0AEA9A429033}.Release|x86.ActiveCfg = Release|Win32
		{89D71929-0D58-4BEC-85CF-0AEA9A429033}.Release|x86.Build.0 = Release|Win32
		{E9A46175-DF89-4B55-B6D7-C3E31B9C23E7}.Debug|x64.ActiveCfg = Debug|x64
		{E9A46175-DF89-4B55-B6D7-C3E31B9C23E7}.Debug|x64.Build.0 = Debug|x64
		{E9A46175-DF89-4B55-B6D7-C3E31B9C23E7}.Debug|x86.ActiveCfg = Debug|Win32
		{E9A46175-DF89-4B55-B6D7-C3E31B9C23E7}.Debug|x86.Build.0 = Debug|Win32
		{E9A46175-DF89-4B55-B6D7-C3E31B9C23E7}.Release|x64.ActiveCfg = Release|x64
		{E9A46175-DF89-4B55-B6D7-C3E31B9C23E7}.Release|x64.Build.0 = Release|x64
		{E9A46175-DF89-4B55-B6D7-C3E31B9C23E7}.Release|x86.ActiveCfg = Release|Win32
		{E9A46175-DF89-4B55-B6D7-C3E31B9C23E7}.Release|x86.Build.0 = Release|Win32
		{26630B62-F80C-4CC1-AC5C-92024EBDA18D}.Debug|x64.ActiveCfg = Debug|x64
		{26630B62-F80C-4CC1-AC5C-92024EBDA18D}.Debug|x64.Build.0 = Debug|x64
		{26630B62-F80C-4CC1-AC5C-92024EBDA18D}.Debug|x86.ActiveCfg = Debug|Win32
		{26630B62-F80C-4CC1-AC5C-92024EBDA18D}.Debug|x86.Build.0 = Debug|Win32
		{26630B62-F80C-4CC1-AC5C-92024EBDA18D}.Release|x64.ActiveCfg = Release|x64
		{26630B62-F80C-4CC1-AC5C-92024EBDA18D}.Release|x64.Build.0 = Release|x64
		{26630B62-F80C-4CC1-AC5C-92024EBDA18D}.Release|x86.ActiveCfg = Release|Win32
		{26630B62-F80C-4CC1-AC5C-92024EBDA18D}.Release|x86.Build.0 = Release|Win32
		{B62BCB81-1AD8-4F17-BD35-8E8E6179CBAA}.Debug|x64.ActiveCfg = Debug|x64
		{B62BCB81-1AD8-4F17-BD35-8E8E6179CBAA}.Debug|x64.Build.0 = Debug|x64
		{B62BCB81-1AD8-4F17-BD35-8E8E6179CBAA}.Debug|x86.ActiveCfg = Debug|Win32
		{B62BCB81-1AD8-4F17-BD35-8E8E6179CBAA}.Debug|x86.Build.0 = Debug|Win32
		{B62BCB81-1AD8-4F17-BD35-8E8E6179CBAA}.Release|x64.ActiveCfg = Release|x64
		{B62BCB81-1AD8-4F17-BD35-8E8E6179CBAA}.Release|x64.Build.0 = Release|x64
		{B62BCB81-1AD8-4F17-BD35-8E8E6179CBAA}.Release|x86.ActiveCfg = Release|Win32
		{B62BCB81-1AD8-4F17-BD35-8E8E6179CBAA}.Release|x86.Build.0 = Release|Win32
		{302D50BF-B683-4C30-AD02-4129D3975531}.Debug|x64.ActiveCfg = Debug|x64
		{302D50BF-B683-4C30-AD02-4129D3975531}.Debug|x64.Build.0 = Debug|x64
		{302D50BF-B683-4C30-AD02-4129D3975531}.Debug|x86.ActiveCfg = Debug|Win32
		{302D50BF-B683-4C30-AD02-4129D3975531}.Debug|x86.Build.0 = Debug|Win32
		{302D50BF-B683-4C30-AD02-4129D3975531}.Release|x64.ActiveCfg = Release|x64
		{302D50BF-B683-4C30-AD02-4129D3975531}.Release|x64.Build.0 = Release|x64
		{302D50BF-B683-4C30-AD02-4129D3975531}.Release|x86.ActiveCfg = Release|Win32
		{302D50BF-B683-4C30-AD02-4129D3975531}.Release|x86.Build.0 = Release|Win32
		{18105B22-76EE-48CD-9DC3-09C52A15C7E8}.Debug|x64.ActiveCfg = Debug|x64
		{18105B22-76EE-48CD-9DC3-09C52A15C7E8}.Debug|x64.Build.0 = Debug|x64
		{18105B22-76EE-48CD-9DC3-09C52A15C7E8}.Debug|x86.ActiveCfg = Debug|Win32
		{18105B22-76EE-48CD-9DC3-09C52A15C7E8}.Debug|x86.Build.0 = Debug|Win32
		{18105B22-76EE-48CD-9DC3-09C52A15C7E8}.Release|x64.ActiveCfg = Release|x64
		{18105B22-76EE-48CD-9DC3-09C52A15C7E8}.Release|x64.Build.0 = Release|x64
		{18105B22-76EE-48CD-9DC3-09C52A15C7E8}.Release|x86.ActiveCfg = Release|Win32
		{18105B22-76EE-48CD-9DC3-09C52A15C7E8}.Release|x86.Build.0 = Release|Win32
		{A007CC69-344B-4B61-BBD4-F2DDBEC0C36E}.Debug|x64.ActiveCfg = Debug|x64
		{A007CC69-344B-4B61-BBD4-F2DDBEC0C36E}.Debug|x64.Build.0 = Debug|x64
		{A007CC69-344B-4B61-BBD4-F2DDBEC0C36E}.Debug|x86.ActiveCfg = Debug|Win32
		{A007CC69-344B-4B61-BBD4-F2DDBEC0C36E}.Debug|x86.Build.0 = Debug|Win32
		{A007CC69-344B-4B61-BBD4-F2DDBEC0C36E}.Release|x64.ActiveCfg = Release|x64
		{A007CC69-344B-4B61-BBD4-F2DDBEC0C36E}.Release|x64.Build.0 = Release|x64
		{A007CC69-344B-4B61-BBD4-F2DDBEC0C36E}.Release|x86.ActiveCfg = Release|Win32
		{A007CC69-344B-4B61-BBD4-F2DDBEC0C36E}.Release|x86.Build.0 = Release|Win32
		{783E629E-66D0-47F3-B505-C26268D9FDA1}.Debug|x64.ActiveCfg = Debug|x64
		{783E629E-66D0-47F3-B505-C26268D9FDA1}.Debug|x64.Build.0 = Debug|x64
		{783E629E-66D0-47F3-B505-C26268D9FDA1}.Debug|x86.ActiveCfg = Debug|Win32
		{783E629E-66D0-47F3-B505-C26268D9FDA1}.Debug|x86.Build.0 = Debug|Win32
		{783E629E-66D0-47F3-B505-C26268D9FDA1}.Release|x64.ActiveCfg = Release|x64
		{783E629E-66D0-47F3-B505-C26268D9FDA1}.Release|x64.Build.0 = Release|x64
		{783E629E-66D0-47F3-B505-C26268D9FDA1}.Release|x86.ActiveCfg = Release|Win32
		{783E629E-66D0-47F3-B505-C26268D9FDA1}.Release|x86.Build.0 = Release|Win32
		{9C67C64E-930F-4412-9B64-E7072B6B4C32}.Debug|x64.ActiveCfg = Debug|x64
		{9C67C64E-930F-4412-9B64-E7072B6B4C32}.Debug|x64.Build.0 = Debug|x64
		{9C67C64E-930F-4412-9B64-E7072B6B4C32}.Debug|x86.ActiveCfg = Debug|Win32
		{9C67C64E-930F-4412-9B64-E7072B6B4C32}.Debug|x86.Build.0 = Debug|Win32
		{9C67C64E-930F-4412-9B64-E7072B6B4C32}.Release|x64.ActiveCfg = Release|x64
		{9C67C64E-930F-4412-9B64-E7072B6B4C32}.Release|x64.Build.0 = Release|x64
		{9C67C64E-930F-4412-9B64-E7072B6B4C32}.Release|x86.ActiveCfg = Release|Win32
		{9C67C64E-930F-4412-9B64-E7072B6B4C32}.Release|x86.Build.0 = Release|Win32
		{39026A25-EB0C-43F5-90CF-7D096221124A}.Debug|x64.ActiveCfg = Debug|x64
		{39026A25-EB0C-43F5-90CF-7D096221124A}.Debug|x64.Build.0 = Debug|x64
		{39026A25-EB0C-43F5-90CF-7D096221124A}.Debug|x86.ActiveCfg = Debug|Win32
		{39026A25-EB0C-43F5-90CF-7D096221124A}.Debug|x86.Build.0 = Debug|Win32
		{39026A25-EB0C-43F5-90CF-7D096221124A}.Release|x64.ActiveCfg = Release|x64
		{39026A25-EB0C-43F5-90CF-7D096221124A}.Release|x64.Build.0 = Release|x64
		{39026A25-EB0C-43F5-90CF-7D096221124A}.Release|x86.ActiveCfg = Release|Win32
		{39026A25-EB0C-43F5-90CF-7D096221124A}.Release|x86.Build.0 = Release|Win32
		{FF950635-AE60-4596-BBC0-D688BB4AA48E}.Debug|x64.ActiveCfg = Debug|x64
		{FF950635-AE60-4596-BBC0-D688BB4AA48E}.Debug|x64.Build.0 = Debug|x64
		{FF950635-AE60-4596-BBC0-D688BB4AA48E}.Debug|x86.ActiveCfg = Debug|Win32
		{FF950635-AE60-4596-BBC0-D688BB4AA48E}.Debug|x86.Build.0 = Debug|Win32
		{FF950635-AE60-4596-BBC0-D688BB4AA48E}.Release|x64.ActiveCfg = Release|x64
		{FF950635-AE60-4596-BBC0-D688BB4AA48E}.Release|x64.Build.0 = Release|x64
		{FF950635-AE60-4596-BBC0-D688BB4AA48E}.Release|x86.ActiveCfg = Release|Win32
		{FF950635-AE60-4596-BBC0-D688BB4AA48E}.Release|x86.Build.0 = Release|Win32
		{537DA6BE-355A-47C0-9C66-C5308B6829CF}.Debug|x64.ActiveCfg = Debug|x64
		{537DA6BE-355A-47C0-9C66-C5308B6829CF}.Debug|x64.Build.0 = Debug|x64
		{537DA6BE-355A-47C0-9C66-C5308B6829CF}.Debug|x86.ActiveCfg = Debug|Win32
		{537DA6BE-355A-47C0-9C66-C5308B6829CF}.Debug|x86.Build.0 = Debug|Win32
		{537DA6BE-355A-47C0-9C66-C5308B6829CF}.Release|x64.ActiveCfg = Release|x64
		{537DA6BE-355A-47C0-9C66-C5308B6829CF}.Release|x64.Build.0 = Release|x64
		{537DA6BE-355A-47C0-9C66-C5308B6829CF}.Release|x86.ActiveCfg = Release|Win32
		{537DA6BE-355A-47C0-9C66-C5308B6829CF}.Release|x86.Build.0 = Release|Win32
		{0A67AA6F-02A8-4617-829F-6DCF84D9A186}.Debug|x64.ActiveCfg = Debug|x64
		{0A67AA6F-02A8-4617-829F-6DCF84D9A186}.Debug|x64.Build.0 = Debug|x64
		{0A67AA6F-02A8-4617-829F-6DCF84D9A186}.Debug|x86.ActiveCfg = Debug|Win32
		{0A67AA6F-02A8-4617-829F-6DCF84D9A186}.Debug|x86.Build.0 = Debug|Win32
		{0A67AA6F-02A8-4617-829F-6DCF84D9A186}.Release|x64.ActiveCfg = Release|x64
		{0A67AA6F-02A8-4617-829F-6DCF84D9A186}.Release|x64.Build.0 = Release|x64
		{0A67AA6F-02A8-4617-829F-6DCF84D9A186}.Release|x86.ActiveCfg = Release|Win32
		{0A67AA6F-02A8-4617-829F-6DCF84D9A186}.Release|x86.Build.0 = Release|Win32
		{305F06A3-350F-452B-96E1-1075095E1439}.Debug|x64.ActiveCfg = Debug|x64
		{305F06A3-350F-452B-96E1-1075095E1439}.Debug|x64.Build.0 = Debug|x64
		{305F06A3-350F-452B-96E1-1075095E1439}.Debug|x86.ActiveCfg = Debug|Win32
		{305F06A3-350F-452B-96E1-1075095E1439}.Debug|x86.Build.0 = Debug|Win32
		{305F06A3-350F-452B-96E1-1075095E1439}.Release|x64.ActiveCfg = Release|x64
		{305F06A3-350F-452B-96E1-1075095E1439}.Release|x64.Build.0 = Release|x64
		{305F06A3-350F-452B-96E1-1075095E1439}.Release|x86.ActiveCfg = Release|Win32
		{305F06A3-350F-452B-96E1-1075095E1439}.Release|x86.Build.0 = Release|Win32
		{341F0A4A-62CC-40E5-BDB2-7B5216726340}.Debug|x64.ActiveCfg = Debug|x64
		{341F0A4A-62CC-40E5-BDB2-7B5216726340}.Debug|x64.Build.0 = Debug|x64
		{341F0A4A-62CC-40E5-BDB2-7B5216726340}.Debug|x86.ActiveCfg = Debug|Win32
		{341F0A4A-62CC-40E5-BDB2-7B5216726340}.Debug|x86.Build.0 = Debug|Win32
		{341F0A4A-62CC-40E5-BDB2-7B5216726340}.Release|x64.ActiveCfg = Release|x64
		{341F0A4A-62CC-40E5-BDB2-7B5216726340}.Release|x64.Build.0 = Release|x64
		{341F0A4A-62CC-40E5-BDB2-7B5216726340}.Release|x86.ActiveCfg = Release|Win32
		{341F0A4A-62CC-40E5-BDB2-7B5216726340}.Release|x86.Build.0 = Release|Win32
		{60030D2D-7C2F-4CCE-A7BF-02777253DE49}.Debug|x64.ActiveCfg = Debug|x64
		{60030D2D-7C2F-4CCE-A7BF-02777253DE49}.Debug|x64.Build.0 = Debug|x64
		{60030D2D-7C2F-4CCE-A7BF-02777253DE49}.Debug|x86.ActiveCfg = Debug|Win32
		{60030D2D-7C2F-4CCE-A7BF-02777253DE49}.Debug|x86.Build.0 = Debug|Win32
		{60030D2D-7C2F-4CCE-A7BF-02777253DE49}.Release|x64.ActiveCfg = Release|x64
		{60030D2D-7C2F-4CCE-A7BF-02777253DE49}.Release|x64.Build.0 = Release|x64
		{60030D2D-7C2F-4CCE-A7BF-02777253DE49}.Release|x86.ActiveCfg = Release|Win32
		{60030D2D-7C2F-4CCE-A7BF-02777253DE49}.Release|x86.Build.0 = Release|Win32
		{E1F938C4-A1DB-4D73-BA8A-F77EDAEBAE6B}.Debug|x64.ActiveCfg = Debug|x64
		{E1F938C4-A1DB-4D73-BA8A-F77EDAEBAE6B}.Debug|x64.Build.0 = Debug|x64
		{E1F938C4-A1DB-4D73-BA8A-F77EDAEBAE6B}.Debug|x86.ActiveCfg = Debug|Win32
		{E1F938C4-A1DB-4D73-BA8A-F77EDAEBAE6B}.Debug|x86.Build.0 = Debug|Win32
		{E1F938C4-A1DB-4D73-BA8A-F77EDAEBAE6B}.Release|x64.ActiveCfg = Release|x64
		{E1F938C4-A1DB-4D73-BA8A-F77EDAEBAE6B}.Release|x64.Build.0 = Release|x64
		{E1F938C4-A1DB-4D73-BA8A-F77EDAEBAE6B}.Release|x86.ActiveCfg = Release|Win32
		{E1F938C4-A1DB-4D73-BA8A-F77EDAEBAE6B}.Release|x86.Build.0 = Release|Win32
		{8567F486-14D6-450B-AAD1-05DFE8283905}.Debug|x64.ActiveCfg = Debug|x64
		{8567F486-14D6-450B-AAD1-05DFE8283905}.Debug|x64.Build.0 = Debug|x64
		{8567F486-14D6-450B-AAD1-05DFE8283905}.Debug|x86.ActiveCfg = Debug|Win32
		{8567F486-14D6-450B-AAD1-05DFE8283905}.Debug|x86.Build.0 = Debug|Win32
		{8567F486-14D6-450B-AAD1-05DFE8283905}.Release|x64.ActiveCfg = Release|x64
		{8567F486-14D6-450B-AAD1-05DFE8283905}.Release|x64.Build.0 = Release|x64
		{8567F486-14D6-450B-AAD1-05DFE8283905}.Release|x86.ActiveCfg = Release|Win32
		{8567F486-14D6-450B-AAD1-05DFE8283905}.Release|x86.Build.0 = Release|Win32
		{8D1BC916-6951-4D63-904D-4311CACDE47E}.Debug|x64.ActiveCfg = Debug|x64
		{8D1BC916-6951-4D63-904D-4311CACDE47E}.Debug|x64.Build.0 = Debug|x64
		{8D1BC916-6951-4D63-904D-4311CACDE47E}.Debug|x86.ActiveCfg = Debug|Win32
		{8D1BC916-6951-4D63-904D-4311CACDE47E}.Debug|x86.Build.0 = Debug|Win32
		{8D1BC916-6951-4D63-904D-4311CACDE47E}.Release|x64.ActiveCfg = Release|x64
		{8D1BC916-6951-4D63-904D-4311CACDE47E}.Release|x64.Build.0 = Release|x64
		{8D1BC916-6951-4D63-904D-4311CACDE47E}.Release|x86.ActiveCfg = Release|Win32
		{8D1BC916-6951-4D63-904D-4311CACDE47E}.Release|x86.Build.0 = Release|Win32
	EndGlobalSection
	GlobalSection(SolutionProperties) = preSolution
		HideSolutionNode = FALSE
	EndGlobalSection
	GlobalSection(NestedProjects) = preSolution
		{142A270F-F02E-495A-8BEE-60F840141323} = {9415EBA4-4054-43FD-9AE2-302945BEDE16}
		{9415EBA4-4054-43FD-9AE2-302945BEDE16} = {987A9AB9-517F-4B1D-9455-C91D0CE60917}
		{A567F355-1E85-4213-9489-CFEC7FC7572C} = {9415EBA4-4054-43FD-9AE2-302945BEDE16}
		{4C55A9C3-9A24-4834-99CC-63441ECCC3D3} = {9415EBA4-4054-43FD-9AE2-302945BEDE16}
		{AEABEE40-AEC4-43A0-94AA-AB1166DF1AC9} = {9415EBA4-4054-43FD-9AE2-302945BEDE16}
		{89D71929-0D58-4BEC-85CF-0AEA9A429033} = {9415EBA4-4054-43FD-9AE2-302945BEDE16}
		{E9A46175-DF89-4B55-B6D7-C3E31B9C23E7} = {E679093C-67CC-4716-949F-C744F13F071F}
		{26630B62-F80C-4CC1-AC5C-92024EBDA18D} = {9415EBA4-4054-43FD-9AE2-302945BEDE16}
		{B62BCB81-1AD8-4F17-BD35-8E8E6179CBAA} = {9415EBA4-4054-43FD-9AE2-302945BEDE16}
		{302D50BF-B683-4C30-AD02-4129D3975531} = {9415EBA4-4054-43FD-9AE2-302945BEDE16}
		{18105B22-76EE-48CD-9DC3-09C52A15C7E8} = {9415EBA4-4054-43FD-9AE2-302945BEDE16}
		{FB168ACC-EFAC-4603-BC4E-C9F8592BBD6B} = {987A9AB9-517F-4B1D-9455-C91D0CE60917}
		{A007CC69-344B-4B61-BBD4-F2DDBEC0C36E} = {9415EBA4-4054-43FD-9AE2-302945BEDE16}
		{783E629E-66D0-47F3-B505-C26268D9FDA1} = {FB168ACC-EFAC-4603-BC4E-C9F8592BBD6B}
		{9C67C64E-930F-4412-9B64-E7072B6B4C32} = {E679093C-67CC-4716-949F-C744F13F071F}
		{39026A25-EB0C-43F5-90CF-7D096221124A} = {E679093C-67CC-4716-949F-C744F13F071F}
		{FF950635-AE60-4596-BBC0-D688BB4AA48E} = {E679093C-67CC-4716-949F-C744F13F071F}
		{537DA6BE-355A-47C0-9C66-C5308B6829CF} = {E679093C-67CC-4716-949F-C744F13F071F}
		{0A67AA6F-02A8-4617-829F-6DCF84D9A186} = {E679093C-67CC-4716-949F-C744F13F071F}
		{305F06A3-350F-452B-96E1-1075095E1439} = {E679093C-67CC-4716-949F-C744F13F071F}
		{341F0A4A-62CC-40E5-BDB2-7B5216726340} = {E679093C-67CC-4716-949F-C744F13F071F}
		{60030D2D-7C2F-4CCE-A7BF-02777253DE49} = {E679093C-67CC-4716-949F-C744F13F071F}
		{E1F938C4-A1DB-4D73-BA8A-F77EDAEBAE6B} = {E679093C-67CC-4716-949F-C744F13F071F}
		{8567F486-14D6-450B-AAD1-05DFE8283905} = {E679093C-67CC-4716-949F-C744F13F071F}
		{8D1BC916-6951-4D63-904D-4311CACDE47E} = {E679093C-67CC-4716-949F-C744F13F071F}
	EndGlobalSection
EndGlobal
