
Microsoft Visual Studio Solution File, Format Version 12.00
# Visual Studio 14
VisualStudioVersion = 14.0.25420.1
MinimumVisualStudioVersion = 10.0.40219.1
Project("{8BC9CEB8-8B4A-11D0-8D11-00A0C91BC942}") = "InsertionSort", "InsertionSort\InsertionSort.vcxproj", "{142A270F-F02E-495A-8BEE-60F840141323}"
EndProject
Project("{2150E333-8FDC-42A3-9474-1A3956D46DE8}") = "Sort", "Sort", "{9415EBA4-4054-43FD-9AE2-302945BEDE16}"
EndProject
Project("{8BC9CEB8-8B4A-11D0-8D11-00A0C91BC942}") = "BubbleSort", "BubbleSort\BubbleSort.vcxproj", "{A567F355-1E85-4213-9489-CFEC7FC7572C}"
EndProject
Project("{8BC9CEB8-8B4A-11D0-8D11-00A0C91BC942}") = "SelectionSort", "SelectionSort\SelectionSort.vcxproj", "{4C55A9C3-9A24-4834-99CC-63441ECCC3D3}"
EndProject
Project("{8BC9CEB8-8B4A-11D0-8D11-00A0C91BC942}") = "MergeSort", "MergeSort\MergeSort.vcxproj", "{AEABEE40-AEC4-43A0-94AA-AB1166DF1AC9}"
EndProject
Project("{8BC9CEB8-8B4A-11D0-8D11-00A0C91BC942}") = "HeapSort", "HeapSort\HeapSort.vcxproj", "{89D71929-0D58-4BEC-85CF-0AEA9A429033}"
EndProject
Project("{2150E333-8FDC-42A3-9474-1A3956D46DE8}") = "DataStructure", "DataStructure", "{E679093C-67CC-4716-949F-C744F13F071F}"
EndProject
Project("{8BC9CEB8-8B4A-11D0-8D11-00A0C91BC942}") = "PriorityQueue", "PriorityQueue\PriorityQueue.vcxproj", "{E9A46175-DF89-4B55-B6D7-C3E31B9C23E7}"
EndProject
Project("{2150E333-8FDC-42A3-9474-1A3956D46DE8}") = "Algorithm", "Algorithm", "{987A9AB9-517F-4B1D-9455-C91D0CE60917}"
EndProject
Project("{8BC9CEB8-8B4A-11D0-8D11-00A0C91BC942}") = "QuickSort", "QuickSort\QuickSort.vcxproj", "{26630B62-F80C-4CC1-AC5C-92024EBDA18D}"
EndProject
Project("{8BC9CEB8-8B4A-11D0-8D11-00A0C91BC942}") = "CountingSort", "CountingSort\CountingSort.vcxproj", "{B62BCB81-1AD8-4F17-BD35-8E8E6179CBAA}"
EndProject
Project("{8BC9CEB8-8B4A-11D0-8D11-00A0C91BC942}") = "RadixSort", "RadixSort\RadixSort.vcxproj", "{302D50BF-B683-4C30-AD02-4129D3975531}"
EndProject
Project("{8BC9CEB8-8B4A-11D0-8D11-00A0C91BC942}") = "BucketSort", "BucketSort\BucketSort.vcxproj", "{18105B22-76EE-48CD-9DC3-09C52A15C7E8}"
EndProject
Project("{2150E333-8FDC-42A3-9474-1A3956D46DE8}") = "Search", "Search", "{FB168ACC-EFAC-4603-BC4E-C9F8592BBD6B}"
EndProject
Project("{8BC9CEB8-8B4A-11D0-8D11-00A0C91BC942}") = "ShellsSort", "ShellsSort\ShellsSort.vcxproj", "{A007CC69-344B-4B61-BBD4-F2DDBEC0C36E}"
EndProject
Project("{8BC9CEB8-8B4A-11D0-8D11-00A0C91BC942}") = "HalfSearch", "HalfSearch\HalfSearch.vcxproj", "{783E629E-66D0-47F3-B505-C26268D9FDA1}"
EndProject
Global
	GlobalSection(SolutionConfigurationPlatforms) = preSolution
		Debug|x64 = Debug|x64
		Debug|x86 = Debug|x86
		Release|x64 = Release|x64
		Release|x86 = Release|x86
	EndGlobalSection
	GlobalSection(ProjectConfigurationPlatforms) = postSolution
		{142A270F-F02E-495A-8BEE-60F840141323}.Debug|x64.ActiveCfg = Debug|x64
		{142A270F-F02E-495A-8BEE-60F840141323}.Debug|x64.Build.0 = Debug|x64
		{142A270F-F02E-495A-8BEE-60F840141323}.Debug|x86.ActiveCfg = Debug|Win32
		{142A270F-F02E-495A-8BEE-60F840141323}.Debug|x86.Build.0 = Debug|Win32
		{142A270F-F02E-495A-8BEE-60F840141323}.Release|x64.ActiveCfg = Release|x64
		{142A270F-F02E-495A-8BEE-60F840141323}.Release|x64.Build.0 = Release|x64
		{142A270F-F02E-495A-8BEE-60F840141323}.Release|x86.ActiveCfg = Release|Win32
		{142A270F-F02E-495A-8BEE-60F840141323}.Release|x86.Build.0 = Release|Win32
		{A567F355-1E85-4213-9489-CFEC7FC7572C}.Debug|x64.ActiveCfg = Debug|x64
		{A567F355-1E85-4213-9489-CFEC7FC7572C}.Debug|x64.Build.0 = Debug|x64
		{A567F355-1E85-4213-9489-CFEC7FC7572C}.Debug|x86.ActiveCfg = Debug|Win32
		{A567F355-1E85-4213-9489-CFEC7FC7572C}.Debug|x86.Build.0 = Debug|Win32
		{A567F355-1E85-4213-9489-CFEC7FC7572C}.Release|x64.ActiveCfg = Release|x64
		{A567F355-1E85-4213-9489-CFEC7FC7572C}.Release|x64.Build.0 = Release|x64
		{A567F355-1E85-4213-9489-CFEC7FC7572C}.Release|x86.ActiveCfg = Release|Win32
		{A567F355-1E85-4213-9489-CFEC7FC7572C}.Release|x86.Build.0 = Release|Win32
		{4C55A9C3-9A24-4834-99CC-63441ECCC3D3}.Debug|x64.ActiveCfg = Debug|x64
		{4C55A9C3-9A24-4834-99CC-63441ECCC3D3}.Debug|x64.Build.0 = Debug|x64
		{4C55A9C3-9A24-4834-99CC-63441ECCC3D3}.Debug|x86.ActiveCfg = Debug|Win32
		{4C55A9C3-9A24-4834-99CC-63441ECCC3D3}.Debug|x86.Build.0 = Debug|Win32
		{4C55A9C3-9A24-4834-99CC-63441ECCC3D3}.Release|x64.ActiveCfg = Release|x64
		{4C55A9C3-9A24-4834-99CC-63441ECCC3D3}.Release|x64.Build.0 = Release|x64
		{4C55A9C3-9A24-4834-99CC-63441ECCC3D3}.Release|x86.ActiveCfg = Release|Win32
		{4C55A9C3-9A24-4834-99CC-63441ECCC3D3}.Release|x86.Build.0 = Release|Win32
		{AEABEE40-AEC4-43A0-94AA-AB1166DF1AC9}.Debug|x64.ActiveCfg = Debug|x64
		{AEABEE40-AEC4-43A0-94AA-AB1166DF1AC9}.Debug|x64.Build.0 = Debug|x64
		{AEABEE40-AEC4-43A0-94AA-AB1166DF1AC9}.Debug|x86.ActiveCfg = Debug|Win32
		{AEABEE40-AEC4-43A0-94AA-AB1166DF1AC9}.Debug|x86.Build.0 = Debug|Win32
		{AEABEE40-AEC4-43A0-94AA-AB1166DF1AC9}.Release|x64.ActiveCfg = Release|x64
		{AEABEE40-AEC4-43A0-94AA-AB1166DF1AC9}.Release|x64.Build.0 = Release|x64
		{AEABEE40-AEC4-43A0-94AA-AB1166DF1AC9}.Release|x86.ActiveCfg = Release|Win32
		{AEABEE40-AEC4-43A0-94AA-AB1166DF1AC9}.Release|x86.Build.0 = Release|Win32
		{89D71929-0D58-4BEC-85CF-0AEA9A429033}.Debug|x64.ActiveCfg = Debug|x64
		{89D71929-0D58-4BEC-85CF-0AEA9A429033}.Debug|x64.Build.0 = Debug|x64
		{89D71929-0D58-4BEC-85CF-0AEA9A429033}.Debug|x86.ActiveCfg = Debug|Win32
		{89D71929-0D58-4BEC-85CF-0AEA9A429033}.Debug|x86.Build.0 = Debug|Win32
		{89D71929-0D58-4BEC-85CF-0AEA9A429033}.Release|x64.ActiveCfg = Release|x64
		{89D71929-0D58-4BEC-85CF-0AEA9A429033}.Release|x64.Build.0 = Release|x64
		{89D71929-0D58-4BEC-85CF-0AEA9A429033}.Release|x86.ActiveCfg = Release|Win32
		{89D71929-0D58-4BEC-85CF-0AEA9A429033}.Release|x86.Build.0 = Release|Win32
		{E9A46175-DF89-4B55-B6D7-C3E31B9C23E7}.Debug|x64.ActiveCfg = Debug|x64
		{E9A46175-DF89-4B55-B6D7-C3E31B9C23E7}.Debug|x64.Build.0 = Debug|x64
		{E9A46175-DF89-4B55-B6D7-C3E31B9C23E7}.Debug|x86.ActiveCfg = Debug|Win32
		{E9A46175-DF89-4B55-B6D7-C3E31B9C23E7}.Debug|x86.Build.0 = Debug|Win32
		{E9A46175-DF89-4B55-B6D7-C3E31B9C23E7}.Release|x64.ActiveCfg = Release|x64
		{E9A46175-DF89-4B55-B6D7-C3E31B9C23E7}.Release|x64.Build.0 = Release|x64
		{E9A46175-DF89-4B55-B6D7-C3E31B9C23E7}.Release|x86.ActiveCfg = Release|Win32
		{E9A46175-DF89-4B55-B6D7-C3E31B9C23E7}.Release|x86.Build.0 = Release|Win32
		{26630B62-F80C-4CC1-AC5C-92024EBDA18D}.Debug|x64.ActiveCfg = Debug|x64
		{26630B62-F80C-4CC1-AC5C-92024EBDA18D}.Debug|x64.Build.0 = Debug|x64
		{26630B62-F80C-4CC1-AC5C-92024EBDA18D}.Debug|x86.ActiveCfg = Debug|Win32
		{26630B62-F80C-4CC1-AC5C-92024EBDA18D}.Debug|x86.Build.0 = Debug|Win32
		{26630B62-F80C-4CC1-AC5C-92024EBDA18D}.Release|x64.ActiveCfg = Release|x64
		{26630B62-F80C-4CC1-AC5C-92024EBDA18D}.Release|x64.Build.0 = Release|x64
		{26630B62-F80C-4CC1-AC5C-92024EBDA18D}.Release|x86.ActiveCfg = Release|Win32
		{26630B62-F80C-4CC1-AC5C-92024EBDA18D}.Release|x86.Build.0 = Release|Win32
		{B62BCB81-1AD8-4F17-BD35-8E8E6179CBAA}.Debug|x64.ActiveCfg = Debug|x64
		{B62BCB81-1AD8-4F17-BD35-8E8E6179CBAA}.Debug|x64.Build.0 = Debug|x64
		{B62BCB81-1AD8-4F17-BD35-8E8E6179CBAA}.Debug|x86.ActiveCfg = Debug|Win32
		{B62BCB81-1AD8-4F17-BD35-8E8E6179CBAA}.Debug|x86.Build.0 = Debug|Win32
		{B62BCB81-1AD8-4F17-BD35-8E8E6179CBAA}.Release|x64.ActiveCfg = Release|x64
		{B62BCB81-1AD8-4F17-BD35-8E8E6179CBAA}.Release|x64.Build.0 = Release|x64
		{B62BCB81-1AD8-4F17-BD35-8E8E6179CBAA}.Release|x86.ActiveCfg = Release|Win32
		{B62BCB81-1AD8-4F17-BD35-8E8E6179CBAA}.Release|x86.Build.0 = Release|Win32
		{302D50BF-B683-4C30-AD02-4129D3975531}.Debug|x64.ActiveCfg = Debug|x64
		{302D50BF-B683-4C30-AD02-4129D3975531}.Debug|x64.Build.0 = Debug|x64
		{302D50BF-B683-4C30-AD02-4129D3975531}.Debug|x86.ActiveCfg = Debug|Win32
		{302D50BF-B683-4C30-AD02-4129D3975531}.Debug|x86.Build.0 = Debug|Win32
		{302D50BF-B683-4C30-AD02-4129D3975531}.Release|x64.ActiveCfg = Release|x64
		{302D50BF-B683-4C30-AD02-4129D3975531}.Release|x64.Build.0 = Release|x64
		{302D50BF-B683-4C30-AD02-4129D3975531}.Release|x86.ActiveCfg = Release|Win32
		{302D50BF-B683-4C30-AD02-4129D3975531}.Release|x86.Build.0 = Release|Win32
		{18105B22-76EE-48CD-9DC3-09C52A15C7E8}.Debug|x64.ActiveCfg = Debug|x64
		{18105B22-76EE-48CD-9DC3-09C52A15C7E8}.Debug|x64.Build.0 = Debug|x64
		{18105B22-76EE-48CD-9DC3-09C52A15C7E8}.Debug|x86.ActiveCfg = Debug|Win32
		{18105B22-76EE-48CD-9DC3-09C52A15C7E8}.Debug|x86.Build.0 = Debug|Win32
		{18105B22-76EE-48CD-9DC3-09C52A15C7E8}.Release|x64.ActiveCfg = Release|x64
		{18105B22-76EE-48CD-9DC3-09C52A15C7E8}.Release|x64.Build.0 = Release|x64
		{18105B22-76EE-48CD-9DC3-09C52A15C7E8}.Release|x86.ActiveCfg = Release|Win32
		{18105B22-76EE-48CD-9DC3-09C52A15C7E8}.Release|x86.Build.0 = Release|Win32
		{A007CC69-344B-4B61-BBD4-F2DDBEC0C36E}.Debug|x64.ActiveCfg = Debug|x64
		{A007CC69-344B-4B61-BBD4-F2DDBEC0C36E}.Debug|x64.Build.0 = Debug|x64
		{A007CC69-344B-4B61-BBD4-F2DDBEC0C36E}.Debug|x86.ActiveCfg = Debug|Win32
		{A007CC69-344B-4B61-BBD4-F2DDBEC0C36E}.Debug|x86.Build.0 = Debug|Win32
		{A007CC69-344B-4B61-BBD4-F2DDBEC0C36E}.Release|x64.ActiveCfg = Release|x64
		{A007CC69-344B-4B61-BBD4-F2DDBEC0C36E}.Release|x64.Build.0 = Release|x64
		{A007CC69-344B-4B61-BBD4-F2DDBEC0C36E}.Release|x86.ActiveCfg = Release|Win32
		{A007CC69-344B-4B61-BBD4-F2DDBEC0C36E}.Release|x86.Build.0 = Release|Win32
		{783E629E-66D0-47F3-B505-C26268D9FDA1}.Debug|x64.ActiveCfg = Debug|x64
		{783E629E-66D0-47F3-B505-C26268D9FDA1}.Debug|x64.Build.0 = Debug|x64
		{783E629E-66D0-47F3-B505-C26268D9FDA1}.Debug|x86.ActiveCfg = Debug|Win32
		{783E629E-66D0-47F3-B505-C26268D9FDA1}.Debug|x86.Build.0 = Debug|Win32
		{783E629E-66D0-47F3-B505-C26268D9FDA1}.Release|x64.ActiveCfg = Release|x64
		{783E629E-66D0-47F3-B505-C26268D9FDA1}.Release|x64.Build.0 = Release|x64
		{783E629E-66D0-47F3-B505-C26268D9FDA1}.Release|x86.ActiveCfg = Release|Win32
		{783E629E-66D0-47F3-B505-C26268D9FDA1}.Release|x86.Build.0 = Release|Win32
	EndGlobalSection
	GlobalSection(SolutionProperties) = preSolution
		HideSolutionNode = FALSE
	EndGlobalSection
	GlobalSection(NestedProjects) = preSolution
		{142A270F-F02E-495A-8BEE-60F840141323} = {9415EBA4-4054-43FD-9AE2-302945BEDE16}
		{9415EBA4-4054-43FD-9AE2-302945BEDE16} = {987A9AB9-517F-4B1D-9455-C91D0CE60917}
		{A567F355-1E85-4213-9489-CFEC7FC7572C} = {9415EBA4-4054-43FD-9AE2-302945BEDE16}
		{4C55A9C3-9A24-4834-99CC-63441ECCC3D3} = {9415EBA4-4054-43FD-9AE2-302945BEDE16}
		{AEABEE40-AEC4-43A0-94AA-AB1166DF1AC9} = {9415EBA4-4054-43FD-9AE2-302945BEDE16}
		{89D71929-0D58-4BEC-85CF-0AEA9A429033} = {9415EBA4-4054-43FD-9AE2-302945BEDE16}
		{E9A46175-DF89-4B55-B6D7-C3E31B9C23E7} = {E679093C-67CC-4716-949F-C744F13F071F}
		{26630B62-F80C-4CC1-AC5C-92024EBDA18D} = {9415EBA4-4054-43FD-9AE2-302945BEDE16}
		{B62BCB81-1AD8-4F17-BD35-8E8E6179CBAA} = {9415EBA4-4054-43FD-9AE2-302945BEDE16}
		{302D50BF-B683-4C30-AD02-4129D3975531} = {9415EBA4-4054-43FD-9AE2-302945BEDE16}
		{18105B22-76EE-48CD-9DC3-09C52A15C7E8} = {9415EBA4-4054-43FD-9AE2-302945BEDE16}
		{FB168ACC-EFAC-4603-BC4E-C9F8592BBD6B} = {987A9AB9-517F-4B1D-9455-C91D0CE60917}
		{A007CC69-344B-4B61-BBD4-F2DDBEC0C36E} = {9415EBA4-4054-43FD-9AE2-302945BEDE16}
		{783E629E-66D0-47F3-B505-C26268D9FDA1} = {FB168ACC-EFAC-4603-BC4E-C9F8592BBD6B}
	EndGlobalSection
EndGlobal
